
Microsoft Visual Studio Solution File, Format Version 12.00
# Visual Studio Version 17
VisualStudioVersion = 17.0.31903.59
MinimumVisualStudioVersion = 10.0.40219.1
Project("{FAE04EC0-301F-11D3-BF4B-00C04F79EFBC}") = "MiProyecto", "MiProyecto\MiProyecto.csproj", "{B6EF5C44-7F80-4C31-B6DB-28123F2CF932}"
EndProject
Project("{FAE04EC0-301F-11D3-BF4B-00C04F79EFBC}") = "MiProyecto.Tests", "MiProyecto.Tests\MiProyecto.Tests.csproj", "{636D2C84-3FB1-4C00-B92C-6AF347F0B82D}"
EndProject
Global
	GlobalSection(SolutionConfigurationPlatforms) = preSolution
		Debug|Any CPU = Debug|Any CPU
		Release|Any CPU = Release|Any CPU
	EndGlobalSection
	GlobalSection(SolutionProperties) = preSolution
		HideSolutionNode = FALSE
	EndGlobalSection
	GlobalSection(ProjectConfigurationPlatforms) = postSolution
		{B6EF5C44-7F80-4C31-B6DB-28123F2CF932}.Debug|Any CPU.ActiveCfg = Debug|Any CPU
		{B6EF5C44-7F80-4C31-B6DB-28123F2CF932}.Debug|Any CPU.Build.0 = Debug|Any CPU
		{B6EF5C44-7F80-4C31-B6DB-28123F2CF932}.Release|Any CPU.ActiveCfg = Release|Any CPU
		{B6EF5C44-7F80-4C31-B6DB-28123F2CF932}.Release|Any CPU.Build.0 = Release|Any CPU
		{636D2C84-3FB1-4C00-B92C-6AF347F0B82D}.Debug|Any CPU.ActiveCfg = Debug|Any CPU
		{636D2C84-3FB1-4C00-B92C-6AF347F0B82D}.Debug|Any CPU.Build.0 = Debug|Any CPU
		{636D2C84-3FB1-4C00-B92C-6AF347F0B82D}.Release|Any CPU.ActiveCfg = Release|Any CPU
		{636D2C84-3FB1-4C00-B92C-6AF347F0B82D}.Release|Any CPU.Build.0 = Release|Any CPU
	EndGlobalSection
EndGlobal
